
Microsoft Visual Studio Solution File, Format Version 12.00
# Visual Studio Version 16
VisualStudioVersion = 16.0.30517.126
MinimumVisualStudioVersion = 10.0.40219.1
Project("{FAE04EC0-301F-11D3-BF4B-00C04F79EFBC}") = "Iot_Angular_Back", "Iot_Angular_Back\Iot_Angular_Back.csproj", "{DDFBAD60-7396-4B97-8528-A30D150C44E4}"
EndProject
Global
	GlobalSection(SolutionConfigurationPlatforms) = preSolution
		Debug|Any CPU = Debug|Any CPU
		Release|Any CPU = Release|Any CPU
	EndGlobalSection
	GlobalSection(ProjectConfigurationPlatforms) = postSolution
		{DDFBAD60-7396-4B97-8528-A30D150C44E4}.Debug|Any CPU.ActiveCfg = Debug|Any CPU
		{DDFBAD60-7396-4B97-8528-A30D150C44E4}.Debug|Any CPU.Build.0 = Debug|Any CPU
		{DDFBAD60-7396-4B97-8528-A30D150C44E4}.Release|Any CPU.ActiveCfg = Release|Any CPU
		{DDFBAD60-7396-4B97-8528-A30D150C44E4}.Release|Any CPU.Build.0 = Release|Any CPU
	EndGlobalSection
	GlobalSection(SolutionProperties) = preSolution
		HideSolutionNode = FALSE
	EndGlobalSection
	GlobalSection(ExtensibilityGlobals) = postSolution
		SolutionGuid = {68BE5D86-A033-4568-9839-D7A8BDFE20F4}
	EndGlobalSection
EndGlobal
